%{
  "bbmustache": {:hex, :bbmustache, "1.12.1", "857fbdf86bda46d07201b0e7a969820cb763a7c174c485fd0780d7e033efe9f0", [:rebar3], [], "hexpm", "f4320778c31a821a2a664db8894618abb79c1af7bbf7c03c703c8868d9bb09fe"},
  "erlexec": {:hex, :erlexec, "1.18.11", "46cc6aa4ac94f0ff39611f28400b48fa794bbbdec8722202155374981da25682", [:rebar3], [], "hexpm", "2ba928f1bdf74e098c413465f109c10b5d1e1359568eb7bf4c99f91ac983b8ff"},
  "jason": {:hex, :jason, "1.2.2", "ba43e3f2709fd1aa1dce90aaabfd039d000469c05c56f0b8e31978e03fa39052", [:mix], [{:decimal, "~> 1.0 or ~> 2.0", [hex: :decimal, repo: "hexpm", optional: true]}], "hexpm", "18a228f5f0058ee183f29f9eae0805c6e59d61c3b006760668d8d18ff0d12179"},
  "meshx": {:hex, :meshx, "0.1.0", "14488f220a5d681def1c9b8043bb2deb27a6f5043e2f699404790ff46fdcc044", [:mix], [], "hexpm", "622a192b08999700098dabc998c8e0c613cb0ac5eaf5f14782731bb9acdeadd2"},
  "meshx_consul": {:hex, :meshx_consul, "0.1.0", "0e1ed675ec3250092217f69e821fe8cc8388cadb1e29cc2e2207dbbc47dc53e4", [:mix], [{:bbmustache, "~> 1.11", [hex: :bbmustache, repo: "hexpm", optional: false]}, {:erlexec, "~> 1.17", [hex: :erlexec, repo: "hexpm", optional: false]}, {:jason, "~> 1.2", [hex: :jason, repo: "hexpm", optional: false]}, {:meshx, "~> 0.1.0", [hex: :meshx, repo: "hexpm", optional: false]}, {:nimble_options, "~> 0.3.5", [hex: :nimble_options, repo: "hexpm", optional: false]}], "hexpm", "acca9c51cba2db846b03532dfe37c9631f03c2759262d1a48f85af0553ec34ba"},
  "meshx_rpc": {:hex, :meshx_rpc, "0.1.1", "28321edc95d475c589655fe50cb1130d19ea89fe7b3f2b4bd5560932363db096", [:mix], [{:nimble_options, "~> 0.3.5", [hex: :nimble_options, repo: "hexpm", optional: false]}, {:poolboy, "~> 1.5", [hex: :poolboy, repo: "hexpm", optional: true]}, {:ranch, "~> 1.8.0", [hex: :ranch, repo: "hexpm", optional: true]}, {:telemetry, "~> 0.4.2", [hex: :telemetry, repo: "hexpm", optional: false]}], "hexpm", "da4081003590fe72a1322d7608a3e1e37dcab32ee95a6b24c614d4553e9a7f4a"},
  "nimble_options": {:hex, :nimble_options, "0.3.5", "a4f6820cdcb4ee444afd78635f323e58e8a5ddf2fbbe9b9d283a99f972034bae", [:mix], [], "hexpm", "f5507cc90033a8d12769522009c80aa9164af6bab245dbd4ad421d008455f1e1"},
  "ranch": {:hex, :ranch, "1.8.0", "8c7a100a139fd57f17327b6413e4167ac559fbc04ca7448e9be9057311597a1d", [:make, :rebar3], [], "hexpm", "49fbcfd3682fab1f5d109351b61257676da1a2fdbe295904176d5e521a2ddfe5"},
  "telemetry": {:hex, :telemetry, "0.4.3", "a06428a514bdbc63293cd9a6263aad00ddeb66f608163bdec7c8995784080818", [:rebar3], [], "hexpm", "eb72b8365ffda5bed68a620d1da88525e326cb82a75ee61354fc24b844768041"},
}
